
Microsoft Visual Studio Solution File, Format Version 12.00
# Visual Studio 15
Project("{FAE04EC0-301F-11D3-BF4B-00C04F79EFBC}") = "Desafio-ex7-2-ex17", "Desafio-ex7-2-ex17\Desafio-ex7-2-ex17.csproj", "{64B9AEA3-8223-4E79-8E02-1B8CB91F169E}"
EndProject
Global
	GlobalSection(SolutionConfigurationPlatforms) = preSolution
		Debug|Any CPU = Debug|Any CPU
		Release|Any CPU = Release|Any CPU
	EndGlobalSection
	GlobalSection(ProjectConfigurationPlatforms) = postSolution
		{64B9AEA3-8223-4E79-8E02-1B8CB91F169E}.Debug|Any CPU.ActiveCfg = Debug|Any CPU
		{64B9AEA3-8223-4E79-8E02-1B8CB91F169E}.Debug|Any CPU.Build.0 = Debug|Any CPU
		{64B9AEA3-8223-4E79-8E02-1B8CB91F169E}.Release|Any CPU.ActiveCfg = Release|Any CPU
		{64B9AEA3-8223-4E79-8E02-1B8CB91F169E}.Release|Any CPU.Build.0 = Release|Any CPU
	EndGlobalSection
EndGlobal
